
Microsoft Visual Studio Solution File, Format Version 12.00
# Visual Studio Version 17
VisualStudioVersion = 17.9.34616.47
MinimumVisualStudioVersion = 10.0.40219.1
Project("{9A19103F-16F7-4668-BE54-9A1E7A4F7556}") = "Starter", "Starter\Starter.csproj", "{85B9DE82-B1BF-4ACF-AFC2-7BB50B7CD34A}"
EndProject
Project("{9A19103F-16F7-4668-BE54-9A1E7A4F7556}") = "ORM_SQL_Izolasyonu", "ORM_SQL_Izolasyonu\ORM_SQL_Izolasyonu.csproj", "{7D5FF98F-3117-469C-893A-BAB0051C463D}"
EndProject
Project("{9A19103F-16F7-4668-BE54-9A1E7A4F7556}") = "Database_First", "Database_First\Database_First.csproj", "{55C69D9B-0852-4079-BBF8-18063F3A8A50}"
EndProject
Project("{FAE04EC0-301F-11D3-BF4B-00C04F79EFBC}") = "Code_First", "Code_First\Code_First.csproj", "{B6B8B1B1-9E25-4AF9-96DC-09D36F3B6EB9}"
EndProject
Project("{FAE04EC0-301F-11D3-BF4B-00C04F79EFBC}") = "Lesson9", "Lesson9\Lesson9.csproj", "{6AC8688A-CD01-40D0-A983-D65CA6C64AB9}"
EndProject
Project("{FAE04EC0-301F-11D3-BF4B-00C04F79EFBC}") = "Persisting_The_Data", "Persisting_The_Data\Persisting_The_Data.csproj", "{536C282F-4F9C-4DEF-BC2B-7C5A48DF65C9}"
EndProject
Project("{FAE04EC0-301F-11D3-BF4B-00C04F79EFBC}") = "Persisting_The_Data_Update", "Persisting_The_Data_Update\Persisting_The_Data_Update.csproj", "{B4FF8A13-4792-42B6-885A-C02AAF5A7402}"
EndProject
Project("{FAE04EC0-301F-11D3-BF4B-00C04F79EFBC}") = "Persisting_The_Data_Delete", "Persisting_The_Data_Delete\Persisting_The_Data_Delete.csproj", "{1D0309B8-A8B6-421F-B03C-17E2A47DC58F}"
EndProject
Project("{FAE04EC0-301F-11D3-BF4B-00C04F79EFBC}") = "Querying", "Querying\Querying.csproj", "{25448419-7B6B-426D-B5FE-6CAC112EF5C4}"
EndProject
Project("{FAE04EC0-301F-11D3-BF4B-00C04F79EFBC}") = "ChangeTracker", "ChangeTracker\ChangeTracker.csproj", "{C3AB3695-E8E5-4CFA-A670-41CF2C75B296}"
EndProject
Project("{FAE04EC0-301F-11D3-BF4B-00C04F79EFBC}") = "Tracking", "Tracking\Tracking.csproj", "{86901938-2674-4F8A-AE43-4D1F5A922B5C}"
EndProject
Project("{FAE04EC0-301F-11D3-BF4B-00C04F79EFBC}") = "Relationships", "Relationships\Relationships.csproj", "{EC1B6B8F-6661-415C-839E-5D653320E6DA}"
EndProject
Global
	GlobalSection(SolutionConfigurationPlatforms) = preSolution
		Debug|Any CPU = Debug|Any CPU
		Release|Any CPU = Release|Any CPU
	EndGlobalSection
	GlobalSection(ProjectConfigurationPlatforms) = postSolution
		{85B9DE82-B1BF-4ACF-AFC2-7BB50B7CD34A}.Debug|Any CPU.ActiveCfg = Debug|Any CPU
		{85B9DE82-B1BF-4ACF-AFC2-7BB50B7CD34A}.Debug|Any CPU.Build.0 = Debug|Any CPU
		{85B9DE82-B1BF-4ACF-AFC2-7BB50B7CD34A}.Release|Any CPU.ActiveCfg = Release|Any CPU
		{85B9DE82-B1BF-4ACF-AFC2-7BB50B7CD34A}.Release|Any CPU.Build.0 = Release|Any CPU
		{7D5FF98F-3117-469C-893A-BAB0051C463D}.Debug|Any CPU.ActiveCfg = Debug|Any CPU
		{7D5FF98F-3117-469C-893A-BAB0051C463D}.Debug|Any CPU.Build.0 = Debug|Any CPU
		{7D5FF98F-3117-469C-893A-BAB0051C463D}.Release|Any CPU.ActiveCfg = Release|Any CPU
		{7D5FF98F-3117-469C-893A-BAB0051C463D}.Release|Any CPU.Build.0 = Release|Any CPU
		{55C69D9B-0852-4079-BBF8-18063F3A8A50}.Debug|Any CPU.ActiveCfg = Debug|Any CPU
		{55C69D9B-0852-4079-BBF8-18063F3A8A50}.Debug|Any CPU.Build.0 = Debug|Any CPU
		{55C69D9B-0852-4079-BBF8-18063F3A8A50}.Release|Any CPU.ActiveCfg = Release|Any CPU
		{55C69D9B-0852-4079-BBF8-18063F3A8A50}.Release|Any CPU.Build.0 = Release|Any CPU
		{B6B8B1B1-9E25-4AF9-96DC-09D36F3B6EB9}.Debug|Any CPU.ActiveCfg = Debug|Any CPU
		{B6B8B1B1-9E25-4AF9-96DC-09D36F3B6EB9}.Debug|Any CPU.Build.0 = Debug|Any CPU
		{B6B8B1B1-9E25-4AF9-96DC-09D36F3B6EB9}.Release|Any CPU.ActiveCfg = Release|Any CPU
		{B6B8B1B1-9E25-4AF9-96DC-09D36F3B6EB9}.Release|Any CPU.Build.0 = Release|Any CPU
		{6AC8688A-CD01-40D0-A983-D65CA6C64AB9}.Debug|Any CPU.ActiveCfg = Debug|Any CPU
		{6AC8688A-CD01-40D0-A983-D65CA6C64AB9}.Debug|Any CPU.Build.0 = Debug|Any CPU
		{6AC8688A-CD01-40D0-A983-D65CA6C64AB9}.Release|Any CPU.ActiveCfg = Release|Any CPU
		{6AC8688A-CD01-40D0-A983-D65CA6C64AB9}.Release|Any CPU.Build.0 = Release|Any CPU
		{536C282F-4F9C-4DEF-BC2B-7C5A48DF65C9}.Debug|Any CPU.ActiveCfg = Debug|Any CPU
		{536C282F-4F9C-4DEF-BC2B-7C5A48DF65C9}.Debug|Any CPU.Build.0 = Debug|Any CPU
		{536C282F-4F9C-4DEF-BC2B-7C5A48DF65C9}.Release|Any CPU.ActiveCfg = Release|Any CPU
		{536C282F-4F9C-4DEF-BC2B-7C5A48DF65C9}.Release|Any CPU.Build.0 = Release|Any CPU
		{B4FF8A13-4792-42B6-885A-C02AAF5A7402}.Debug|Any CPU.ActiveCfg = Debug|Any CPU
		{B4FF8A13-4792-42B6-885A-C02AAF5A7402}.Debug|Any CPU.Build.0 = Debug|Any CPU
		{B4FF8A13-4792-42B6-885A-C02AAF5A7402}.Release|Any CPU.ActiveCfg = Release|Any CPU
		{B4FF8A13-4792-42B6-885A-C02AAF5A7402}.Release|Any CPU.Build.0 = Release|Any CPU
		{1D0309B8-A8B6-421F-B03C-17E2A47DC58F}.Debug|Any CPU.ActiveCfg = Debug|Any CPU
		{1D0309B8-A8B6-421F-B03C-17E2A47DC58F}.Debug|Any CPU.Build.0 = Debug|Any CPU
		{1D0309B8-A8B6-421F-B03C-17E2A47DC58F}.Release|Any CPU.ActiveCfg = Release|Any CPU
		{1D0309B8-A8B6-421F-B03C-17E2A47DC58F}.Release|Any CPU.Build.0 = Release|Any CPU
		{25448419-7B6B-426D-B5FE-6CAC112EF5C4}.Debug|Any CPU.ActiveCfg = Debug|Any CPU
		{25448419-7B6B-426D-B5FE-6CAC112EF5C4}.Debug|Any CPU.Build.0 = Debug|Any CPU
		{25448419-7B6B-426D-B5FE-6CAC112EF5C4}.Release|Any CPU.ActiveCfg = Release|Any CPU
		{25448419-7B6B-426D-B5FE-6CAC112EF5C4}.Release|Any CPU.Build.0 = Release|Any CPU
		{C3AB3695-E8E5-4CFA-A670-41CF2C75B296}.Debug|Any CPU.ActiveCfg = Debug|Any CPU
		{C3AB3695-E8E5-4CFA-A670-41CF2C75B296}.Debug|Any CPU.Build.0 = Debug|Any CPU
		{C3AB3695-E8E5-4CFA-A670-41CF2C75B296}.Release|Any CPU.ActiveCfg = Release|Any CPU
		{C3AB3695-E8E5-4CFA-A670-41CF2C75B296}.Release|Any CPU.Build.0 = Release|Any CPU
		{86901938-2674-4F8A-AE43-4D1F5A922B5C}.Debug|Any CPU.ActiveCfg = Debug|Any CPU
		{86901938-2674-4F8A-AE43-4D1F5A922B5C}.Debug|Any CPU.Build.0 = Debug|Any CPU
		{86901938-2674-4F8A-AE43-4D1F5A922B5C}.Release|Any CPU.ActiveCfg = Release|Any CPU
		{86901938-2674-4F8A-AE43-4D1F5A922B5C}.Release|Any CPU.Build.0 = Release|Any CPU
		{EC1B6B8F-6661-415C-839E-5D653320E6DA}.Debug|Any CPU.ActiveCfg = Debug|Any CPU
		{EC1B6B8F-6661-415C-839E-5D653320E6DA}.Debug|Any CPU.Build.0 = Debug|Any CPU
		{EC1B6B8F-6661-415C-839E-5D653320E6DA}.Release|Any CPU.ActiveCfg = Release|Any CPU
		{EC1B6B8F-6661-415C-839E-5D653320E6DA}.Release|Any CPU.Build.0 = Release|Any CPU
	EndGlobalSection
	GlobalSection(SolutionProperties) = preSolution
		HideSolutionNode = FALSE
	EndGlobalSection
	GlobalSection(ExtensibilityGlobals) = postSolution
		SolutionGuid = {B1140163-D6EF-4B61-A825-6E0045129E9C}
	EndGlobalSection
EndGlobal
